
Microsoft Visual Studio Solution File, Format Version 12.00
Project("{FAE04EC0-301F-11D3-BF4B-00C04F79EFBC}") = "WebApp", "WebApp\WebApp.csproj", "{EA115F24-518B-465A-8F16-76612195284F}"
EndProject
Project("{FAE04EC0-301F-11D3-BF4B-00C04F79EFBC}") = "DAL.App.EF", "DAL.App.EF\DAL.App.EF.csproj", "{41B8E0AD-570A-4A53-AFDF-E658EFEFCE88}"
EndProject
Project("{2150E333-8FDC-42A3-9474-1A3956D46DE8}") = "Solution Items", "Solution Items", "{D646B2A8-C72C-4209-81D2-0B6FF1E21834}"
ProjectSection(SolutionItems) = preProject
	Directory.Build.props = Directory.Build.props
	README.md = README.md
	.gitignore = .gitignore
	GameRentalService.pdf = GameRentalService.pdf
	GameRentalERD.pdf = GameRentalERD.pdf
	Dockerfile = Dockerfile
	.dockerignore = .dockerignore
EndProjectSection
EndProject
Project("{FAE04EC0-301F-11D3-BF4B-00C04F79EFBC}") = "Contracts.DAL.Base", "Contracts.DAL.Base\Contracts.DAL.Base.csproj", "{2D2130E0-AB95-4E71-A978-4D92C47C6274}"
EndProject
Project("{FAE04EC0-301F-11D3-BF4B-00C04F79EFBC}") = "Contracts.Domain.Base", "Contracts.Domain.Base\Contracts.Domain.Base.csproj", "{94317BAC-A67A-4C1D-B467-813796A7126B}"
EndProject
Project("{FAE04EC0-301F-11D3-BF4B-00C04F79EFBC}") = "DAL.Base.EF", "DAL.Base.EF\DAL.Base.EF.csproj", "{FC1002B5-C2E8-4F94-93E1-06E920C44772}"
EndProject
Project("{FAE04EC0-301F-11D3-BF4B-00C04F79EFBC}") = "Domain.App", "Domain.App\Domain.App.csproj", "{4E4E6FA3-FAF6-4257-A817-EB20AD167BAB}"
EndProject
Project("{FAE04EC0-301F-11D3-BF4B-00C04F79EFBC}") = "Domain.Base", "Domain.Base\Domain.Base.csproj", "{F68B7F5D-F556-4CC1-AC6C-0CF5A0D5FBD6}"
EndProject
Project("{FAE04EC0-301F-11D3-BF4B-00C04F79EFBC}") = "Contracts.DAL.App", "Contracts.DAL.App\Contracts.DAL.App.csproj", "{432797EB-B88F-4EE0-9194-7CA7639EF3E1}"
EndProject
Project("{FAE04EC0-301F-11D3-BF4B-00C04F79EFBC}") = "DAL.Base", "DAL.Base\DAL.Base.csproj", "{0803A1A4-24FE-4A85-9D64-022BD07A6A96}"
EndProject
Project("{FAE04EC0-301F-11D3-BF4B-00C04F79EFBC}") = "Extensions.Base", "Extensions.Base\Extensions.Base.csproj", "{F1A63991-E1FA-4160-8FC4-DF3B598371F4}"
EndProject
Project("{2150E333-8FDC-42A3-9474-1A3956D46DE8}") = "App", "App", "{9838B52E-ADB5-4B6F-9F3A-87DA98FAF1AA}"
EndProject
Project("{2150E333-8FDC-42A3-9474-1A3956D46DE8}") = "Base", "Base", "{ED0B8EAD-7A0A-4B81-A56E-A2BE422C1D86}"
EndProject
Project("{FAE04EC0-301F-11D3-BF4B-00C04F79EFBC}") = "Contracts.BLL.Base", "Contracts.BLL.Base\Contracts.BLL.Base.csproj", "{D2F83350-4C67-4A8A-8D29-CFA18D679908}"
EndProject
Project("{FAE04EC0-301F-11D3-BF4B-00C04F79EFBC}") = "BLL.Base", "BLL.Base\BLL.Base.csproj", "{5E4546DA-1CB0-4912-918C-4A19B30B3E01}"
EndProject
Project("{FAE04EC0-301F-11D3-BF4B-00C04F79EFBC}") = "Contracts.BLL.App", "Contracts.BLL.App\Contracts.BLL.App.csproj", "{D84F88CE-35DE-417C-9B3B-4D90D2D743EE}"
EndProject
Project("{FAE04EC0-301F-11D3-BF4B-00C04F79EFBC}") = "BLL.App", "BLL.App\BLL.App.csproj", "{3932A97E-6DD4-40DE-AF94-936C094B7AF8}"
EndProject
Project("{FAE04EC0-301F-11D3-BF4B-00C04F79EFBC}") = "DAL.App.DTO", "DAL.App.DTO\DAL.App.DTO.csproj", "{B5340B09-E54C-4765-A85F-616B0C79C6F3}"
EndProject
Project("{FAE04EC0-301F-11D3-BF4B-00C04F79EFBC}") = "BLL.App.DTO", "BLL.App.DTO\BLL.App.DTO.csproj", "{11B0D022-BBFE-4813-AABC-56B40CED4F0A}"
EndProject
Project("{FAE04EC0-301F-11D3-BF4B-00C04F79EFBC}") = "PublicApi.DTO.v1", "PublicApi.DTO.v1\PublicApi.DTO.v1.csproj", "{3C108F0F-19FD-4211-A99C-293731A2FF55}"
EndProject
Project("{2150E333-8FDC-42A3-9474-1A3956D46DE8}") = "Contracts", "Contracts", "{8AD0DE3A-A95B-458B-BF5B-251AA265F785}"
EndProject
Project("{2150E333-8FDC-42A3-9474-1A3956D46DE8}") = "Contracts", "Contracts", "{BDD43899-1CC6-4FD1-9CFA-C580E0E5023C}"
EndProject
Project("{2150E333-8FDC-42A3-9474-1A3956D46DE8}") = "Tests", "Tests", "{791F9F61-C206-4CD6-B1E1-8065EA5E4483}"
EndProject
Project("{FAE04EC0-301F-11D3-BF4B-00C04F79EFBC}") = "TestProject", "TestProject\TestProject.csproj", "{35B731DE-0079-438E-AD69-2222A622BE56}"
EndProject
Global
	GlobalSection(SolutionConfigurationPlatforms) = preSolution
		Debug|Any CPU = Debug|Any CPU
		Release|Any CPU = Release|Any CPU
	EndGlobalSection
	GlobalSection(ProjectConfigurationPlatforms) = postSolution
		{EA115F24-518B-465A-8F16-76612195284F}.Debug|Any CPU.ActiveCfg = Debug|Any CPU
		{EA115F24-518B-465A-8F16-76612195284F}.Debug|Any CPU.Build.0 = Debug|Any CPU
		{EA115F24-518B-465A-8F16-76612195284F}.Release|Any CPU.ActiveCfg = Release|Any CPU
		{EA115F24-518B-465A-8F16-76612195284F}.Release|Any CPU.Build.0 = Release|Any CPU
		{41B8E0AD-570A-4A53-AFDF-E658EFEFCE88}.Debug|Any CPU.ActiveCfg = Debug|Any CPU
		{41B8E0AD-570A-4A53-AFDF-E658EFEFCE88}.Debug|Any CPU.Build.0 = Debug|Any CPU
		{41B8E0AD-570A-4A53-AFDF-E658EFEFCE88}.Release|Any CPU.ActiveCfg = Release|Any CPU
		{41B8E0AD-570A-4A53-AFDF-E658EFEFCE88}.Release|Any CPU.Build.0 = Release|Any CPU
		{2D2130E0-AB95-4E71-A978-4D92C47C6274}.Debug|Any CPU.ActiveCfg = Debug|Any CPU
		{2D2130E0-AB95-4E71-A978-4D92C47C6274}.Debug|Any CPU.Build.0 = Debug|Any CPU
		{2D2130E0-AB95-4E71-A978-4D92C47C6274}.Release|Any CPU.ActiveCfg = Release|Any CPU
		{2D2130E0-AB95-4E71-A978-4D92C47C6274}.Release|Any CPU.Build.0 = Release|Any CPU
		{94317BAC-A67A-4C1D-B467-813796A7126B}.Debug|Any CPU.ActiveCfg = Debug|Any CPU
		{94317BAC-A67A-4C1D-B467-813796A7126B}.Debug|Any CPU.Build.0 = Debug|Any CPU
		{94317BAC-A67A-4C1D-B467-813796A7126B}.Release|Any CPU.ActiveCfg = Release|Any CPU
		{94317BAC-A67A-4C1D-B467-813796A7126B}.Release|Any CPU.Build.0 = Release|Any CPU
		{FC1002B5-C2E8-4F94-93E1-06E920C44772}.Debug|Any CPU.ActiveCfg = Debug|Any CPU
		{FC1002B5-C2E8-4F94-93E1-06E920C44772}.Debug|Any CPU.Build.0 = Debug|Any CPU
		{FC1002B5-C2E8-4F94-93E1-06E920C44772}.Release|Any CPU.ActiveCfg = Release|Any CPU
		{FC1002B5-C2E8-4F94-93E1-06E920C44772}.Release|Any CPU.Build.0 = Release|Any CPU
		{4E4E6FA3-FAF6-4257-A817-EB20AD167BAB}.Debug|Any CPU.ActiveCfg = Debug|Any CPU
		{4E4E6FA3-FAF6-4257-A817-EB20AD167BAB}.Debug|Any CPU.Build.0 = Debug|Any CPU
		{4E4E6FA3-FAF6-4257-A817-EB20AD167BAB}.Release|Any CPU.ActiveCfg = Release|Any CPU
		{4E4E6FA3-FAF6-4257-A817-EB20AD167BAB}.Release|Any CPU.Build.0 = Release|Any CPU
		{F68B7F5D-F556-4CC1-AC6C-0CF5A0D5FBD6}.Debug|Any CPU.ActiveCfg = Debug|Any CPU
		{F68B7F5D-F556-4CC1-AC6C-0CF5A0D5FBD6}.Debug|Any CPU.Build.0 = Debug|Any CPU
		{F68B7F5D-F556-4CC1-AC6C-0CF5A0D5FBD6}.Release|Any CPU.ActiveCfg = Release|Any CPU
		{F68B7F5D-F556-4CC1-AC6C-0CF5A0D5FBD6}.Release|Any CPU.Build.0 = Release|Any CPU
		{432797EB-B88F-4EE0-9194-7CA7639EF3E1}.Debug|Any CPU.ActiveCfg = Debug|Any CPU
		{432797EB-B88F-4EE0-9194-7CA7639EF3E1}.Debug|Any CPU.Build.0 = Debug|Any CPU
		{432797EB-B88F-4EE0-9194-7CA7639EF3E1}.Release|Any CPU.ActiveCfg = Release|Any CPU
		{432797EB-B88F-4EE0-9194-7CA7639EF3E1}.Release|Any CPU.Build.0 = Release|Any CPU
		{0803A1A4-24FE-4A85-9D64-022BD07A6A96}.Debug|Any CPU.ActiveCfg = Debug|Any CPU
		{0803A1A4-24FE-4A85-9D64-022BD07A6A96}.Debug|Any CPU.Build.0 = Debug|Any CPU
		{0803A1A4-24FE-4A85-9D64-022BD07A6A96}.Release|Any CPU.ActiveCfg = Release|Any CPU
		{0803A1A4-24FE-4A85-9D64-022BD07A6A96}.Release|Any CPU.Build.0 = Release|Any CPU
		{F1A63991-E1FA-4160-8FC4-DF3B598371F4}.Debug|Any CPU.ActiveCfg = Debug|Any CPU
		{F1A63991-E1FA-4160-8FC4-DF3B598371F4}.Debug|Any CPU.Build.0 = Debug|Any CPU
		{F1A63991-E1FA-4160-8FC4-DF3B598371F4}.Release|Any CPU.ActiveCfg = Release|Any CPU
		{F1A63991-E1FA-4160-8FC4-DF3B598371F4}.Release|Any CPU.Build.0 = Release|Any CPU
		{D2F83350-4C67-4A8A-8D29-CFA18D679908}.Debug|Any CPU.ActiveCfg = Debug|Any CPU
		{D2F83350-4C67-4A8A-8D29-CFA18D679908}.Debug|Any CPU.Build.0 = Debug|Any CPU
		{D2F83350-4C67-4A8A-8D29-CFA18D679908}.Release|Any CPU.ActiveCfg = Release|Any CPU
		{D2F83350-4C67-4A8A-8D29-CFA18D679908}.Release|Any CPU.Build.0 = Release|Any CPU
		{5E4546DA-1CB0-4912-918C-4A19B30B3E01}.Debug|Any CPU.ActiveCfg = Debug|Any CPU
		{5E4546DA-1CB0-4912-918C-4A19B30B3E01}.Debug|Any CPU.Build.0 = Debug|Any CPU
		{5E4546DA-1CB0-4912-918C-4A19B30B3E01}.Release|Any CPU.ActiveCfg = Release|Any CPU
		{5E4546DA-1CB0-4912-918C-4A19B30B3E01}.Release|Any CPU.Build.0 = Release|Any CPU
		{D84F88CE-35DE-417C-9B3B-4D90D2D743EE}.Debug|Any CPU.ActiveCfg = Debug|Any CPU
		{D84F88CE-35DE-417C-9B3B-4D90D2D743EE}.Debug|Any CPU.Build.0 = Debug|Any CPU
		{D84F88CE-35DE-417C-9B3B-4D90D2D743EE}.Release|Any CPU.ActiveCfg = Release|Any CPU
		{D84F88CE-35DE-417C-9B3B-4D90D2D743EE}.Release|Any CPU.Build.0 = Release|Any CPU
		{3932A97E-6DD4-40DE-AF94-936C094B7AF8}.Debug|Any CPU.ActiveCfg = Debug|Any CPU
		{3932A97E-6DD4-40DE-AF94-936C094B7AF8}.Debug|Any CPU.Build.0 = Debug|Any CPU
		{3932A97E-6DD4-40DE-AF94-936C094B7AF8}.Release|Any CPU.ActiveCfg = Release|Any CPU
		{3932A97E-6DD4-40DE-AF94-936C094B7AF8}.Release|Any CPU.Build.0 = Release|Any CPU
		{B5340B09-E54C-4765-A85F-616B0C79C6F3}.Debug|Any CPU.ActiveCfg = Debug|Any CPU
		{B5340B09-E54C-4765-A85F-616B0C79C6F3}.Debug|Any CPU.Build.0 = Debug|Any CPU
		{B5340B09-E54C-4765-A85F-616B0C79C6F3}.Release|Any CPU.ActiveCfg = Release|Any CPU
		{B5340B09-E54C-4765-A85F-616B0C79C6F3}.Release|Any CPU.Build.0 = Release|Any CPU
		{11B0D022-BBFE-4813-AABC-56B40CED4F0A}.Debug|Any CPU.ActiveCfg = Debug|Any CPU
		{11B0D022-BBFE-4813-AABC-56B40CED4F0A}.Debug|Any CPU.Build.0 = Debug|Any CPU
		{11B0D022-BBFE-4813-AABC-56B40CED4F0A}.Release|Any CPU.ActiveCfg = Release|Any CPU
		{11B0D022-BBFE-4813-AABC-56B40CED4F0A}.Release|Any CPU.Build.0 = Release|Any CPU
		{3C108F0F-19FD-4211-A99C-293731A2FF55}.Debug|Any CPU.ActiveCfg = Debug|Any CPU
		{3C108F0F-19FD-4211-A99C-293731A2FF55}.Debug|Any CPU.Build.0 = Debug|Any CPU
		{3C108F0F-19FD-4211-A99C-293731A2FF55}.Release|Any CPU.ActiveCfg = Release|Any CPU
		{3C108F0F-19FD-4211-A99C-293731A2FF55}.Release|Any CPU.Build.0 = Release|Any CPU
		{35B731DE-0079-438E-AD69-2222A622BE56}.Debug|Any CPU.ActiveCfg = Debug|Any CPU
		{35B731DE-0079-438E-AD69-2222A622BE56}.Debug|Any CPU.Build.0 = Debug|Any CPU
		{35B731DE-0079-438E-AD69-2222A622BE56}.Release|Any CPU.ActiveCfg = Release|Any CPU
		{35B731DE-0079-438E-AD69-2222A622BE56}.Release|Any CPU.Build.0 = Release|Any CPU
	EndGlobalSection
	GlobalSection(NestedProjects) = preSolution
		{41B8E0AD-570A-4A53-AFDF-E658EFEFCE88} = {9838B52E-ADB5-4B6F-9F3A-87DA98FAF1AA}
		{4E4E6FA3-FAF6-4257-A817-EB20AD167BAB} = {9838B52E-ADB5-4B6F-9F3A-87DA98FAF1AA}
		{0803A1A4-24FE-4A85-9D64-022BD07A6A96} = {ED0B8EAD-7A0A-4B81-A56E-A2BE422C1D86}
		{FC1002B5-C2E8-4F94-93E1-06E920C44772} = {ED0B8EAD-7A0A-4B81-A56E-A2BE422C1D86}
		{F68B7F5D-F556-4CC1-AC6C-0CF5A0D5FBD6} = {ED0B8EAD-7A0A-4B81-A56E-A2BE422C1D86}
		{F1A63991-E1FA-4160-8FC4-DF3B598371F4} = {ED0B8EAD-7A0A-4B81-A56E-A2BE422C1D86}
		{5E4546DA-1CB0-4912-918C-4A19B30B3E01} = {ED0B8EAD-7A0A-4B81-A56E-A2BE422C1D86}
		{3932A97E-6DD4-40DE-AF94-936C094B7AF8} = {9838B52E-ADB5-4B6F-9F3A-87DA98FAF1AA}
		{EA115F24-518B-465A-8F16-76612195284F} = {9838B52E-ADB5-4B6F-9F3A-87DA98FAF1AA}
		{B5340B09-E54C-4765-A85F-616B0C79C6F3} = {9838B52E-ADB5-4B6F-9F3A-87DA98FAF1AA}
		{11B0D022-BBFE-4813-AABC-56B40CED4F0A} = {9838B52E-ADB5-4B6F-9F3A-87DA98FAF1AA}
		{3C108F0F-19FD-4211-A99C-293731A2FF55} = {9838B52E-ADB5-4B6F-9F3A-87DA98FAF1AA}
		{8AD0DE3A-A95B-458B-BF5B-251AA265F785} = {9838B52E-ADB5-4B6F-9F3A-87DA98FAF1AA}
		{432797EB-B88F-4EE0-9194-7CA7639EF3E1} = {8AD0DE3A-A95B-458B-BF5B-251AA265F785}
		{D84F88CE-35DE-417C-9B3B-4D90D2D743EE} = {8AD0DE3A-A95B-458B-BF5B-251AA265F785}
		{BDD43899-1CC6-4FD1-9CFA-C580E0E5023C} = {ED0B8EAD-7A0A-4B81-A56E-A2BE422C1D86}
		{D2F83350-4C67-4A8A-8D29-CFA18D679908} = {BDD43899-1CC6-4FD1-9CFA-C580E0E5023C}
		{2D2130E0-AB95-4E71-A978-4D92C47C6274} = {BDD43899-1CC6-4FD1-9CFA-C580E0E5023C}
		{94317BAC-A67A-4C1D-B467-813796A7126B} = {BDD43899-1CC6-4FD1-9CFA-C580E0E5023C}
		{35B731DE-0079-438E-AD69-2222A622BE56} = {791F9F61-C206-4CD6-B1E1-8065EA5E4483}
	EndGlobalSection
EndGlobal
